{
  "name": ".opencode",
  "lockfileVersion": 3,
  "requires": true,
  "packages": {
    "": {
      "dependencies": {
        "@opencode-ai/plugin": "latest"
      }
    },
    "node_modules/@opencode-ai/plugin": {
      "version": "1.2.19",
      "resolved": "https://registry.npmjs.org/@opencode-ai/plugin/-/plugin-1.2.19.tgz",
      "integrity": "sha512-r2hvyco2q0EgwyY8t+/EpW9wdzymaTg8QKXREh/Ux26mp1vOva3lwVlYtFBuUnILYQmfOUkbSh9kL6+1kfbW7w==",
      "license": "MIT",
      "dependencies": {
        "@opencode-ai/sdk": "1.2.19",
        "zod": "4.1.8"
      }
    },
    "node_modules/@opencode-ai/sdk": {
      "version": "1.2.19",
      "resolved": "https://registry.npmjs.org/@opencode-ai/sdk/-/sdk-1.2.19.tgz",
      "integrity": "sha512-z3P0GzbShr1Y3hPsfPb4u/PzADXbOURLCYk5dU1ZOummE0QBn0BxLS/BwQ5LlzL5v1nA9yfuZiBsqd/IU4xorw==",
      "license": "MIT"
    },
    "node_modules/zod": {
      "version": "4.1.8",
      "license": "MIT",
      "funding": {
        "url": "https://github.com/sponsors/colinhacks"
      }
    }
  }
}
